// !$*UTF8*$!
{
	archiveVersion = 1;
	classes = {
	};
	objectVersion = 39;
	objects = {
		014CEA520018CE5811CA2923 = {
			buildSettings = {
				COPY_PHASE_STRIP = NO;
				GCC_DYNAMIC_NO_PIC = NO;
				GCC_ENABLE_FIX_AND_CONTINUE = YES;
				GCC_GENERATE_DEBUGGING_SYMBOLS = YES;
				GCC_OPTIMIZATION_LEVEL = 0;
				ZERO_LINK = YES;
			};
			isa = PBXBuildStyle;
			name = Development;
		};
		014CEA530018CE5811CA2923 = {
			buildSettings = {
				COPY_PHASE_STRIP = YES;
				GCC_ENABLE_FIX_AND_CONTINUE = NO;
				ZERO_LINK = NO;
			};
			isa = PBXBuildStyle;
			name = Deployment;
		};
//010
//011
//012
//013
//014
//080
//081
//082
//083
//084
		08FB7793FE84155DC02AAC07 = {
			buildSettings = {
			};
			buildStyles = (
				014CEA520018CE5811CA2923,
				014CEA530018CE5811CA2923,
			);
			hasScannedForEncodings = 1;
			isa = PBXProject;
			mainGroup = 08FB7794FE84155DC02AAC07;
			projectDirPath = "";
			targets = (
				8DD76FA90486AB0100D96B5E,
			);
		};
		08FB7794FE84155DC02AAC07 = {
			children = (
				08FB7795FE84155DC02AAC07,
				A27ED02408D70A2900E32CDD,
				C6A0FF2B0290797F04C91782,
				1AB674ADFE9D54B511CA2CBB,
			);
			isa = PBXGroup;
			name = ARHeadtracker;
			refType = 4;
			sourceTree = "<group>";
		};
		08FB7795FE84155DC02AAC07 = {
			children = (
				08FB7796FE84155DC02AAC07,
				A27ECFB308D706C100E32CDD,
				A27ECFB408D706C100E32CDD,
				A27ECFB508D706C100E32CDD,
				A27ECFB608D706C100E32CDD,
				A287F7FB08D8300100240E3D,
				A287F7FC08D8300100240E3D,
				A287F7F908D82FC600240E3D,
			);
			isa = PBXGroup;
			name = Source;
			refType = 4;
			sourceTree = "<group>";
		};
		08FB7796FE84155DC02AAC07 = {
			fileEncoding = 4;
			isa = PBXFileReference;
			lastKnownFileType = sourcecode.c.c;
			path = main.c;
			refType = 4;
			sourceTree = "<group>";
		};
//080
//081
//082
//083
//084
//1A0
//1A1
//1A2
//1A3
//1A4
		1AB674ADFE9D54B511CA2CBB = {
			children = (
				8DD76FB20486AB0100D96B5E,
			);
			isa = PBXGroup;
			name = Products;
			refType = 4;
			sourceTree = "<group>";
		};
//1A0
//1A1
//1A2
//1A3
//1A4
//8D0
//8D1
//8D2
//8D3
//8D4
		8DD76FA90486AB0100D96B5E = {
			buildPhases = (
				A287F7ED08D82E9900240E3D,
				8DD76FAB0486AB0100D96B5E,
				8DD76FAD0486AB0100D96B5E,
				8DD76FAF0486AB0100D96B5E,
			);
			buildRules = (
			);
			buildSettings = {
				GCC_GENERATE_DEBUGGING_SYMBOLS = NO;
				GCC_MODEL_TUNING = G5;
				GCC_WARN_ABOUT_RETURN_TYPE = YES;
				GCC_WARN_UNUSED_VARIABLE = YES;
				HEADER_SEARCH_PATHS = /usr/local/src/ARToolKit/include/;
				INSTALL_PATH = "$(HOME)/bin";
				LIBRARY_SEARCH_PATHS = "/usr/local/src/ARToolKit/lib/ /usr/local/src/ARToolKit/lib";
				PREBINDING = NO;
				PRODUCT_NAME = ARHeadtracker;
			};
			dependencies = (
			);
			isa = PBXNativeTarget;
			name = ARHeadtracker;
			productInstallPath = "$(HOME)/bin";
			productName = ARHeadtracker;
			productReference = 8DD76FB20486AB0100D96B5E;
			productType = "com.apple.product-type.tool";
		};
		8DD76FAB0486AB0100D96B5E = {
			buildActionMask = 2147483647;
			files = (
				8DD76FAC0486AB0100D96B5E,
				A27ECFB708D706C100E32CDD,
				A27ECFB908D706C100E32CDD,
			);
			isa = PBXSourcesBuildPhase;
			runOnlyForDeploymentPostprocessing = 0;
		};
		8DD76FAC0486AB0100D96B5E = {
			fileRef = 08FB7796FE84155DC02AAC07;
			isa = PBXBuildFile;
			settings = {
				ATTRIBUTES = (
				);
			};
		};
		8DD76FAD0486AB0100D96B5E = {
			buildActionMask = 2147483647;
			files = (
				A27ED02308D70A1400E32CDD,
				A27ED07308D70B4B00E32CDD,
				A287F80D08D8329C00240E3D,
				A27ED07508D70B7600E32CDD,
				A27ED11C08D70BC100E32CDD,
				A27ED12108D70C1E00E32CDD,
				A27ED12308D70C4700E32CDD,
				A287F7F208D82F3100240E3D,
				A287F7F408D82F4800240E3D,
			);
			isa = PBXFrameworksBuildPhase;
			runOnlyForDeploymentPostprocessing = 0;
		};
		8DD76FAF0486AB0100D96B5E = {
			buildActionMask = 8;
			dstPath = /usr/share/man/man1/;
			dstSubfolderSpec = 0;
			files = (
				8DD76FB00486AB0100D96B5E,
				A27ECFB808D706C100E32CDD,
				A27ECFBA08D706C100E32CDD,
			);
			isa = PBXCopyFilesBuildPhase;
			runOnlyForDeploymentPostprocessing = 1;
		};
		8DD76FB00486AB0100D96B5E = {
			fileRef = C6A0FF2C0290799A04C91782;
			isa = PBXBuildFile;
			settings = {
			};
		};
		8DD76FB20486AB0100D96B5E = {
			explicitFileType = "compiled.mach-o.executable";
			includeInIndex = 0;
			isa = PBXFileReference;
			path = ARHeadtracker;
			refType = 3;
			sourceTree = BUILT_PRODUCTS_DIR;
		};
//8D0
//8D1
//8D2
//8D3
//8D4
//A20
//A21
//A22
//A23
//A24
		A27ECFB308D706C100E32CDD = {
			fileEncoding = 30;
			isa = PBXFileReference;
			lastKnownFileType = sourcecode.c.c;
			path = "OSC-client.c";
			refType = 4;
			sourceTree = "<group>";
		};
		A27ECFB408D706C100E32CDD = {
			fileEncoding = 30;
			isa = PBXFileReference;
			lastKnownFileType = sourcecode.c.h;
			path = "OSC-client.h";
			refType = 4;
			sourceTree = "<group>";
		};
		A27ECFB508D706C100E32CDD = {
			fileEncoding = 30;
			isa = PBXFileReference;
			lastKnownFileType = sourcecode.c.c;
			path = "OSC-timetag.c";
			refType = 4;
			sourceTree = "<group>";
		};
		A27ECFB608D706C100E32CDD = {
			fileEncoding = 30;
			isa = PBXFileReference;
			lastKnownFileType = sourcecode.c.h;
			path = "OSC-timetag.h";
			refType = 4;
			sourceTree = "<group>";
		};
		A27ECFB708D706C100E32CDD = {
			fileRef = A27ECFB308D706C100E32CDD;
			isa = PBXBuildFile;
			settings = {
			};
		};
		A27ECFB808D706C100E32CDD = {
			fileRef = A27ECFB408D706C100E32CDD;
			isa = PBXBuildFile;
			settings = {
			};
		};
		A27ECFB908D706C100E32CDD = {
			fileRef = A27ECFB508D706C100E32CDD;
			isa = PBXBuildFile;
			settings = {
			};
		};
		A27ECFBA08D706C100E32CDD = {
			fileRef = A27ECFB608D706C100E32CDD;
			isa = PBXBuildFile;
			settings = {
			};
		};
		A27ED02208D70A1400E32CDD = {
			isa = PBXFileReference;
			lastKnownFileType = archive.ar;
			name = libAR.a;
			path = /usr/local/src/ARToolKit/lib/libAR.a;
			refType = 0;
			sourceTree = "<absolute>";
		};
		A27ED02308D70A1400E32CDD = {
			fileRef = A27ED02208D70A1400E32CDD;
			isa = PBXBuildFile;
			settings = {
			};
		};
		A27ED02408D70A2900E32CDD = {
			children = (
				A287F80C08D8329C00240E3D,
				A287F7F308D82F4800240E3D,
				A287F7F108D82F3100240E3D,
				A27ED12208D70C4700E32CDD,
				A27ED12008D70C1E00E32CDD,
				A27ED11B08D70BC100E32CDD,
				A27ED07408D70B7600E32CDD,
				A27ED07208D70B4B00E32CDD,
				A27ED02208D70A1400E32CDD,
			);
			isa = PBXGroup;
			name = Resources;
			path = "";
			refType = 4;
			sourceTree = "<group>";
		};
		A27ED07208D70B4B00E32CDD = {
			isa = PBXFileReference;
			lastKnownFileType = archive.ar;
			name = libARvideo.a;
			path = /usr/local/src/ARToolKit/lib/libARvideo.a;
			refType = 0;
			sourceTree = "<absolute>";
		};
		A27ED07308D70B4B00E32CDD = {
			fileRef = A27ED07208D70B4B00E32CDD;
			isa = PBXBuildFile;
			settings = {
			};
		};
		A27ED07408D70B7600E32CDD = {
			isa = PBXFileReference;
			lastKnownFileType = wrapper.framework;
			name = AppKit.framework;
			path = /System/Library/Frameworks/AppKit.framework;
			refType = 0;
			sourceTree = "<absolute>";
		};
		A27ED07508D70B7600E32CDD = {
			fileRef = A27ED07408D70B7600E32CDD;
			isa = PBXBuildFile;
			settings = {
			};
		};
		A27ED11B08D70BC100E32CDD = {
			isa = PBXFileReference;
			lastKnownFileType = wrapper.framework;
			name = QuickTime.framework;
			path = /System/Library/Frameworks/QuickTime.framework;
			refType = 0;
			sourceTree = "<absolute>";
		};
		A27ED11C08D70BC100E32CDD = {
			fileRef = A27ED11B08D70BC100E32CDD;
			isa = PBXBuildFile;
			settings = {
			};
		};
		A27ED12008D70C1E00E32CDD = {
			isa = PBXFileReference;
			lastKnownFileType = wrapper.framework;
			name = Foundation.framework;
			path = /System/Library/Frameworks/Foundation.framework;
			refType = 0;
			sourceTree = "<absolute>";
		};
		A27ED12108D70C1E00E32CDD = {
			fileRef = A27ED12008D70C1E00E32CDD;
			isa = PBXBuildFile;
			settings = {
			};
		};
		A27ED12208D70C4700E32CDD = {
			isa = PBXFileReference;
			lastKnownFileType = wrapper.framework;
			name = Carbon.framework;
			path = /System/Library/Frameworks/Carbon.framework;
			refType = 0;
			sourceTree = "<absolute>";
		};
		A27ED12308D70C4700E32CDD = {
			fileRef = A27ED12208D70C4700E32CDD;
			isa = PBXBuildFile;
			settings = {
			};
		};
		A287F7ED08D82E9900240E3D = {
			buildActionMask = 2147483647;
			files = (
				A287F7FA08D82FC600240E3D,
				A287F7FD08D8300100240E3D,
				A287F7FE08D8300100240E3D,
			);
			isa = PBXHeadersBuildPhase;
			runOnlyForDeploymentPostprocessing = 0;
		};
		A287F7F108D82F3100240E3D = {
			isa = PBXFileReference;
			lastKnownFileType = wrapper.framework;
			name = OpenGL.framework;
			path = /System/Library/Frameworks/OpenGL.framework;
			refType = 0;
			sourceTree = "<absolute>";
		};
		A287F7F208D82F3100240E3D = {
			fileRef = A287F7F108D82F3100240E3D;
			isa = PBXBuildFile;
			settings = {
			};
		};
		A287F7F308D82F4800240E3D = {
			isa = PBXFileReference;
			lastKnownFileType = wrapper.framework;
			name = GLUT.framework;
			path = /System/Library/Frameworks/GLUT.framework;
			refType = 0;
			sourceTree = "<absolute>";
		};
		A287F7F408D82F4800240E3D = {
			fileRef = A287F7F308D82F4800240E3D;
			isa = PBXBuildFile;
			settings = {
			};
		};
		A287F7F908D82FC600240E3D = {
			fileEncoding = 30;
			isa = PBXFileReference;
			lastKnownFileType = sourcecode.c.h;
			name = ar.h;
			path = /usr/local/src/ARToolKit/include/AR/ar.h;
			refType = 0;
			sourceTree = "<absolute>";
		};
		A287F7FA08D82FC600240E3D = {
			fileRef = A287F7F908D82FC600240E3D;
			isa = PBXBuildFile;
			settings = {
			};
		};
		A287F7FB08D8300100240E3D = {
			fileEncoding = 30;
			isa = PBXFileReference;
			lastKnownFileType = sourcecode.c.h;
			name = param.h;
			path = /usr/local/src/ARToolKit/include/AR/param.h;
			refType = 0;
			sourceTree = "<absolute>";
		};
		A287F7FC08D8300100240E3D = {
			fileEncoding = 30;
			isa = PBXFileReference;
			lastKnownFileType = sourcecode.c.h;
			name = video.h;
			path = /usr/local/src/ARToolKit/include/AR/video.h;
			refType = 0;
			sourceTree = "<absolute>";
		};
		A287F7FD08D8300100240E3D = {
			fileRef = A287F7FB08D8300100240E3D;
			isa = PBXBuildFile;
			settings = {
			};
		};
		A287F7FE08D8300100240E3D = {
			fileRef = A287F7FC08D8300100240E3D;
			isa = PBXBuildFile;
			settings = {
			};
		};
		A287F80C08D8329C00240E3D = {
			isa = PBXFileReference;
			lastKnownFileType = archive.ar;
			name = libARgsub.a;
			path = /usr/local/src/ARToolKit/lib/libARgsub.a;
			refType = 0;
			sourceTree = "<absolute>";
		};
		A287F80D08D8329C00240E3D = {
			fileRef = A287F80C08D8329C00240E3D;
			isa = PBXBuildFile;
			settings = {
			};
		};
//A20
//A21
//A22
//A23
//A24
//C60
//C61
//C62
//C63
//C64
		C6A0FF2B0290797F04C91782 = {
			children = (
				C6A0FF2C0290799A04C91782,
			);
			isa = PBXGroup;
			name = Documentation;
			refType = 4;
			sourceTree = "<group>";
		};
		C6A0FF2C0290799A04C91782 = {
			isa = PBXFileReference;
			lastKnownFileType = text.man;
			path = ARHeadtracker.1;
			refType = 4;
			sourceTree = "<group>";
		};
	};
	rootObject = 08FB7793FE84155DC02AAC07;
}
